
Microsoft Visual Studio Solution File, Format Version 12.00
# Visual Studio Version 17
VisualStudioVersion = 17.5.33516.290
MinimumVisualStudioVersion = 10.0.40219.1
Project("{8BC9CEB8-8B4A-11D0-8D11-00A0C91BC942}") = "problemMultiWaris", "problemMultiWaris\problemMultiWaris.vcxproj", "{65D50539-252D-49CE-88D0-058AA7DC5305}"
EndProject
Project("{8BC9CEB8-8B4A-11D0-8D11-00A0C91BC942}") = "solveMultiWaris", "solveMultiWaris\solveMultiWaris.vcxproj", "{120BCD7E-A53D-4410-8B28-19EDA15F8F45}"
EndProject
Project("{8BC9CEB8-8B4A-11D0-8D11-00A0C91BC942}") = "Polimorpi", "Polimorpi\Polimorpi.vcxproj", "{6093D03D-F416-4205-91B0-5E9D07EA8760}"
EndProject
Project("{8BC9CEB8-8B4A-11D0-8D11-00A0C91BC942}") = "noOverriding", "noOverriding\noOverriding.vcxproj", "{3AC4AB64-0A08-47FC-83DE-D1B141151FA4}"
EndProject
Project("{8BC9CEB8-8B4A-11D0-8D11-00A0C91BC942}") = "noPewarisan", "noPewarisan\noPewarisan.vcxproj", "{E97611AA-3228-43B5-91B0-4CD7366F34E5}"
EndProject
Project("{8BC9CEB8-8B4A-11D0-8D11-00A0C91BC942}") = "enkapsulasi", "enkapsulasi\enkapsulasi.vcxproj", "{A14F2993-DAC0-468E-856E-62EAE71BF9E1}"
EndProject
Project("{8BC9CEB8-8B4A-11D0-8D11-00A0C91BC942}") = "abstraksi", "abstraksi\abstraksi.vcxproj", "{3CB14F7B-9F30-4F3D-98C2-4391AF32A9D4}"
EndProject
Global
	GlobalSection(SolutionConfigurationPlatforms) = preSolution
		Debug|x64 = Debug|x64
		Debug|x86 = Debug|x86
		Release|x64 = Release|x64
		Release|x86 = Release|x86
	EndGlobalSection
	GlobalSection(ProjectConfigurationPlatforms) = postSolution
		{65D50539-252D-49CE-88D0-058AA7DC5305}.Debug|x64.ActiveCfg = Debug|x64
		{65D50539-252D-49CE-88D0-058AA7DC5305}.Debug|x64.Build.0 = Debug|x64
		{65D50539-252D-49CE-88D0-058AA7DC5305}.Debug|x86.ActiveCfg = Debug|Win32
		{65D50539-252D-49CE-88D0-058AA7DC5305}.Debug|x86.Build.0 = Debug|Win32
		{65D50539-252D-49CE-88D0-058AA7DC5305}.Release|x64.ActiveCfg = Release|x64
		{65D50539-252D-49CE-88D0-058AA7DC5305}.Release|x64.Build.0 = Release|x64
		{65D50539-252D-49CE-88D0-058AA7DC5305}.Release|x86.ActiveCfg = Release|Win32
		{65D50539-252D-49CE-88D0-058AA7DC5305}.Release|x86.Build.0 = Release|Win32
		{120BCD7E-A53D-4410-8B28-19EDA15F8F45}.Debug|x64.ActiveCfg = Debug|x64
		{120BCD7E-A53D-4410-8B28-19EDA15F8F45}.Debug|x64.Build.0 = Debug|x64
		{120BCD7E-A53D-4410-8B28-19EDA15F8F45}.Debug|x86.ActiveCfg = Debug|Win32
		{120BCD7E-A53D-4410-8B28-19EDA15F8F45}.Debug|x86.Build.0 = Debug|Win32
		{120BCD7E-A53D-4410-8B28-19EDA15F8F45}.Release|x64.ActiveCfg = Release|x64
		{120BCD7E-A53D-4410-8B28-19EDA15F8F45}.Release|x64.Build.0 = Release|x64
		{120BCD7E-A53D-4410-8B28-19EDA15F8F45}.Release|x86.ActiveCfg = Release|Win32
		{120BCD7E-A53D-4410-8B28-19EDA15F8F45}.Release|x86.Build.0 = Release|Win32
		{6093D03D-F416-4205-91B0-5E9D07EA8760}.Debug|x64.ActiveCfg = Debug|x64
		{6093D03D-F416-4205-91B0-5E9D07EA8760}.Debug|x64.Build.0 = Debug|x64
		{6093D03D-F416-4205-91B0-5E9D07EA8760}.Debug|x86.ActiveCfg = Debug|Win32
		{6093D03D-F416-4205-91B0-5E9D07EA8760}.Debug|x86.Build.0 = Debug|Win32
		{6093D03D-F416-4205-91B0-5E9D07EA8760}.Release|x64.ActiveCfg = Release|x64
		{6093D03D-F416-4205-91B0-5E9D07EA8760}.Release|x64.Build.0 = Release|x64
		{6093D03D-F416-4205-91B0-5E9D07EA8760}.Release|x86.ActiveCfg = Release|Win32
		{6093D03D-F416-4205-91B0-5E9D07EA8760}.Release|x86.Build.0 = Release|Win32
		{3AC4AB64-0A08-47FC-83DE-D1B141151FA4}.Debug|x64.ActiveCfg = Debug|x64
		{3AC4AB64-0A08-47FC-83DE-D1B141151FA4}.Debug|x64.Build.0 = Debug|x64
		{3AC4AB64-0A08-47FC-83DE-D1B141151FA4}.Debug|x86.ActiveCfg = Debug|Win32
		{3AC4AB64-0A08-47FC-83DE-D1B141151FA4}.Debug|x86.Build.0 = Debug|Win32
		{3AC4AB64-0A08-47FC-83DE-D1B141151FA4}.Release|x64.ActiveCfg = Release|x64
		{3AC4AB64-0A08-47FC-83DE-D1B141151FA4}.Release|x64.Build.0 = Release|x64
		{3AC4AB64-0A08-47FC-83DE-D1B141151FA4}.Release|x86.ActiveCfg = Release|Win32
		{3AC4AB64-0A08-47FC-83DE-D1B141151FA4}.Release|x86.Build.0 = Release|Win32
		{E97611AA-3228-43B5-91B0-4CD7366F34E5}.Debug|x64.ActiveCfg = Debug|x64
		{E97611AA-3228-43B5-91B0-4CD7366F34E5}.Debug|x64.Build.0 = Debug|x64
		{E97611AA-3228-43B5-91B0-4CD7366F34E5}.Debug|x86.ActiveCfg = Debug|Win32
		{E97611AA-3228-43B5-91B0-4CD7366F34E5}.Debug|x86.Build.0 = Debug|Win32
		{E97611AA-3228-43B5-91B0-4CD7366F34E5}.Release|x64.ActiveCfg = Release|x64
		{E97611AA-3228-43B5-91B0-4CD7366F34E5}.Release|x64.Build.0 = Release|x64
		{E97611AA-3228-43B5-91B0-4CD7366F34E5}.Release|x86.ActiveCfg = Release|Win32
		{E97611AA-3228-43B5-91B0-4CD7366F34E5}.Release|x86.Build.0 = Release|Win32
		{A14F2993-DAC0-468E-856E-62EAE71BF9E1}.Debug|x64.ActiveCfg = Debug|x64
		{A14F2993-DAC0-468E-856E-62EAE71BF9E1}.Debug|x64.Build.0 = Debug|x64
		{A14F2993-DAC0-468E-856E-62EAE71BF9E1}.Debug|x86.ActiveCfg = Debug|Win32
		{A14F2993-DAC0-468E-856E-62EAE71BF9E1}.Debug|x86.Build.0 = Debug|Win32
		{A14F2993-DAC0-468E-856E-62EAE71BF9E1}.Release|x64.ActiveCfg = Release|x64
		{A14F2993-DAC0-468E-856E-62EAE71BF9E1}.Release|x64.Build.0 = Release|x64
		{A14F2993-DAC0-468E-856E-62EAE71BF9E1}.Release|x86.ActiveCfg = Release|Win32
		{A14F2993-DAC0-468E-856E-62EAE71BF9E1}.Release|x86.Build.0 = Release|Win32
		{3CB14F7B-9F30-4F3D-98C2-4391AF32A9D4}.Debug|x64.ActiveCfg = Debug|x64
		{3CB14F7B-9F30-4F3D-98C2-4391AF32A9D4}.Debug|x64.Build.0 = Debug|x64
		{3CB14F7B-9F30-4F3D-98C2-4391AF32A9D4}.Debug|x86.ActiveCfg = Debug|Win32
		{3CB14F7B-9F30-4F3D-98C2-4391AF32A9D4}.Debug|x86.Build.0 = Debug|Win32
		{3CB14F7B-9F30-4F3D-98C2-4391AF32A9D4}.Release|x64.ActiveCfg = Release|x64
		{3CB14F7B-9F30-4F3D-98C2-4391AF32A9D4}.Release|x64.Build.0 = Release|x64
		{3CB14F7B-9F30-4F3D-98C2-4391AF32A9D4}.Release|x86.ActiveCfg = Release|Win32
		{3CB14F7B-9F30-4F3D-98C2-4391AF32A9D4}.Release|x86.Build.0 = Release|Win32
	EndGlobalSection
	GlobalSection(SolutionProperties) = preSolution
		HideSolutionNode = FALSE
	EndGlobalSection
	GlobalSection(ExtensibilityGlobals) = postSolution
		SolutionGuid = {9129BCFF-BA15-4A0A-B58D-2708FF122692}
	EndGlobalSection
EndGlobal
